
Microsoft Visual Studio Solution File, Format Version 12.00
# Visual Studio 15
VisualStudioVersion = 15.0.28010.2003
MinimumVisualStudioVersion = 10.0.40219.1
Project("{FAE04EC0-301F-11D3-BF4B-00C04F79EFBC}") = "ShowPlaces", "ShowPlaces\ShowPlaces.csproj", "{BB9483DC-7C5D-4DF9-8C20-64237DB9EB33}"
EndProject
Global
	GlobalSection(SolutionConfigurationPlatforms) = preSolution
		Debug|Any CPU = Debug|Any CPU
		Release|Any CPU = Release|Any CPU
	EndGlobalSection
	GlobalSection(ProjectConfigurationPlatforms) = postSolution
		{BB9483DC-7C5D-4DF9-8C20-64237DB9EB33}.Debug|Any CPU.ActiveCfg = Debug|Any CPU
		{BB9483DC-7C5D-4DF9-8C20-64237DB9EB33}.Debug|Any CPU.Build.0 = Debug|Any CPU
		{BB9483DC-7C5D-4DF9-8C20-64237DB9EB33}.Release|Any CPU.ActiveCfg = Release|Any CPU
		{BB9483DC-7C5D-4DF9-8C20-64237DB9EB33}.Release|Any CPU.Build.0 = Release|Any CPU
	EndGlobalSection
	GlobalSection(SolutionProperties) = preSolution
		HideSolutionNode = FALSE
	EndGlobalSection
	GlobalSection(ExtensibilityGlobals) = postSolution
		SolutionGuid = {0CFB5E68-06DF-4082-9A08-FC776D7FF49A}
	EndGlobalSection
EndGlobal
