
Microsoft Visual Studio Solution File, Format Version 12.00
# Visual Studio 15
VisualStudioVersion = 15.0.28010.2003
MinimumVisualStudioVersion = 10.0.40219.1
Project("{FAE04EC0-301F-11D3-BF4B-00C04F79EFBC}") = "RandomSquares", "RandomSquares\RandomSquares.csproj", "{A1E9D9EA-0C0C-4DD1-9A32-21EB9926097E}"
EndProject
Project("{FAE04EC0-301F-11D3-BF4B-00C04F79EFBC}") = "TestStuff", "TestStuff\TestStuff.csproj", "{EB3658B4-E3BA-411B-9092-FD6C457110CB}"
EndProject
Global
	GlobalSection(SolutionConfigurationPlatforms) = preSolution
		Debug|Any CPU = Debug|Any CPU
		Release|Any CPU = Release|Any CPU
	EndGlobalSection
	GlobalSection(ProjectConfigurationPlatforms) = postSolution
		{A1E9D9EA-0C0C-4DD1-9A32-21EB9926097E}.Debug|Any CPU.ActiveCfg = Debug|Any CPU
		{A1E9D9EA-0C0C-4DD1-9A32-21EB9926097E}.Debug|Any CPU.Build.0 = Debug|Any CPU
		{A1E9D9EA-0C0C-4DD1-9A32-21EB9926097E}.Release|Any CPU.ActiveCfg = Release|Any CPU
		{A1E9D9EA-0C0C-4DD1-9A32-21EB9926097E}.Release|Any CPU.Build.0 = Release|Any CPU
		{EB3658B4-E3BA-411B-9092-FD6C457110CB}.Debug|Any CPU.ActiveCfg = Debug|Any CPU
		{EB3658B4-E3BA-411B-9092-FD6C457110CB}.Debug|Any CPU.Build.0 = Debug|Any CPU
		{EB3658B4-E3BA-411B-9092-FD6C457110CB}.Release|Any CPU.ActiveCfg = Release|Any CPU
		{EB3658B4-E3BA-411B-9092-FD6C457110CB}.Release|Any CPU.Build.0 = Release|Any CPU
	EndGlobalSection
	GlobalSection(SolutionProperties) = preSolution
		HideSolutionNode = FALSE
	EndGlobalSection
	GlobalSection(ExtensibilityGlobals) = postSolution
		SolutionGuid = {46D7CA8B-C927-4488-A675-F0693D04F0BF}
	EndGlobalSection
EndGlobal
