
Microsoft Visual Studio Solution File, Format Version 12.00
# Visual Studio 15
VisualStudioVersion = 15.0.28010.2046
MinimumVisualStudioVersion = 10.0.40219.1
Project("{FAE04EC0-301F-11D3-BF4B-00C04F79EFBC}") = "TestingDapperIGuess", "TestingDapperIGuess\TestingDapperIGuess.csproj", "{B0BA243B-EFA2-4F4A-AE59-BCCBBA81A38B}"
EndProject
Global
	GlobalSection(SolutionConfigurationPlatforms) = preSolution
		Debug|Any CPU = Debug|Any CPU
		Release|Any CPU = Release|Any CPU
	EndGlobalSection
	GlobalSection(ProjectConfigurationPlatforms) = postSolution
		{B0BA243B-EFA2-4F4A-AE59-BCCBBA81A38B}.Debug|Any CPU.ActiveCfg = Debug|Any CPU
		{B0BA243B-EFA2-4F4A-AE59-BCCBBA81A38B}.Debug|Any CPU.Build.0 = Debug|Any CPU
		{B0BA243B-EFA2-4F4A-AE59-BCCBBA81A38B}.Release|Any CPU.ActiveCfg = Release|Any CPU
		{B0BA243B-EFA2-4F4A-AE59-BCCBBA81A38B}.Release|Any CPU.Build.0 = Release|Any CPU
	EndGlobalSection
	GlobalSection(SolutionProperties) = preSolution
		HideSolutionNode = FALSE
	EndGlobalSection
	GlobalSection(ExtensibilityGlobals) = postSolution
		SolutionGuid = {B958F75B-8CC7-461C-B0EA-C9D1E02A1F1D}
	EndGlobalSection
EndGlobal
