
Microsoft Visual Studio Solution File, Format Version 12.00
# Visual Studio 15
VisualStudioVersion = 15.0.28010.2036
MinimumVisualStudioVersion = 10.0.40219.1
Project("{FAE04EC0-301F-11D3-BF4B-00C04F79EFBC}") = "ListLinqTasks", "ListLinqTasks\ListLinqTasks.csproj", "{6768A2A9-F8EA-440E-B4FC-5CC9CB432DAE}"
EndProject
Global
	GlobalSection(SolutionConfigurationPlatforms) = preSolution
		Debug|Any CPU = Debug|Any CPU
		Release|Any CPU = Release|Any CPU
	EndGlobalSection
	GlobalSection(ProjectConfigurationPlatforms) = postSolution
		{6768A2A9-F8EA-440E-B4FC-5CC9CB432DAE}.Debug|Any CPU.ActiveCfg = Debug|Any CPU
		{6768A2A9-F8EA-440E-B4FC-5CC9CB432DAE}.Debug|Any CPU.Build.0 = Debug|Any CPU
		{6768A2A9-F8EA-440E-B4FC-5CC9CB432DAE}.Release|Any CPU.ActiveCfg = Release|Any CPU
		{6768A2A9-F8EA-440E-B4FC-5CC9CB432DAE}.Release|Any CPU.Build.0 = Release|Any CPU
	EndGlobalSection
	GlobalSection(SolutionProperties) = preSolution
		HideSolutionNode = FALSE
	EndGlobalSection
	GlobalSection(ExtensibilityGlobals) = postSolution
		SolutionGuid = {E4337E91-91EB-4EC6-9165-6971337D1350}
	EndGlobalSection
EndGlobal
