
Microsoft Visual Studio Solution File, Format Version 12.00
# Visual Studio 15
VisualStudioVersion = 15.0.28010.2036
MinimumVisualStudioVersion = 10.0.40219.1
Project("{FAE04EC0-301F-11D3-BF4B-00C04F79EFBC}") = "VTSMockUp", "VTSMockUp\VTSMockUp.csproj", "{AAADF8A3-5B25-4812-BF4A-15CE41374648}"
EndProject
Global
	GlobalSection(SolutionConfigurationPlatforms) = preSolution
		Debug|Any CPU = Debug|Any CPU
		Release|Any CPU = Release|Any CPU
	EndGlobalSection
	GlobalSection(ProjectConfigurationPlatforms) = postSolution
		{AAADF8A3-5B25-4812-BF4A-15CE41374648}.Debug|Any CPU.ActiveCfg = Debug|Any CPU
		{AAADF8A3-5B25-4812-BF4A-15CE41374648}.Debug|Any CPU.Build.0 = Debug|Any CPU
		{AAADF8A3-5B25-4812-BF4A-15CE41374648}.Release|Any CPU.ActiveCfg = Release|Any CPU
		{AAADF8A3-5B25-4812-BF4A-15CE41374648}.Release|Any CPU.Build.0 = Release|Any CPU
	EndGlobalSection
	GlobalSection(SolutionProperties) = preSolution
		HideSolutionNode = FALSE
	EndGlobalSection
	GlobalSection(ExtensibilityGlobals) = postSolution
		SolutionGuid = {5CD651CB-6793-4070-8003-10E56316BBD2}
	EndGlobalSection
EndGlobal
