
Microsoft Visual Studio Solution File, Format Version 12.00
# Visual Studio 15
VisualStudioVersion = 15.0.28010.2026
MinimumVisualStudioVersion = 10.0.40219.1
Project("{FAE04EC0-301F-11D3-BF4B-00C04F79EFBC}") = "LectureTemplateMethod", "LectureTemplateMethod\LectureTemplateMethod.csproj", "{B4E01167-9986-4A7F-9E15-DC5240BB39E4}"
EndProject
Global
	GlobalSection(SolutionConfigurationPlatforms) = preSolution
		Debug|Any CPU = Debug|Any CPU
		Release|Any CPU = Release|Any CPU
	EndGlobalSection
	GlobalSection(ProjectConfigurationPlatforms) = postSolution
		{B4E01167-9986-4A7F-9E15-DC5240BB39E4}.Debug|Any CPU.ActiveCfg = Debug|Any CPU
		{B4E01167-9986-4A7F-9E15-DC5240BB39E4}.Debug|Any CPU.Build.0 = Debug|Any CPU
		{B4E01167-9986-4A7F-9E15-DC5240BB39E4}.Release|Any CPU.ActiveCfg = Release|Any CPU
		{B4E01167-9986-4A7F-9E15-DC5240BB39E4}.Release|Any CPU.Build.0 = Release|Any CPU
	EndGlobalSection
	GlobalSection(SolutionProperties) = preSolution
		HideSolutionNode = FALSE
	EndGlobalSection
	GlobalSection(ExtensibilityGlobals) = postSolution
		SolutionGuid = {97A8C089-B750-4658-A326-52F01EF90171}
	EndGlobalSection
EndGlobal
