
Microsoft Visual Studio Solution File, Format Version 12.00
# Visual Studio 15
VisualStudioVersion = 15.0.28010.2016
MinimumVisualStudioVersion = 10.0.40219.1
Project("{FAE04EC0-301F-11D3-BF4B-00C04F79EFBC}") = "GetRekt", "GetRekt\GetRekt.csproj", "{37B45C91-EAAF-49F8-840B-236D4C475B02}"
EndProject
Global
	GlobalSection(SolutionConfigurationPlatforms) = preSolution
		Debug|Any CPU = Debug|Any CPU
		Release|Any CPU = Release|Any CPU
	EndGlobalSection
	GlobalSection(ProjectConfigurationPlatforms) = postSolution
		{37B45C91-EAAF-49F8-840B-236D4C475B02}.Debug|Any CPU.ActiveCfg = Debug|Any CPU
		{37B45C91-EAAF-49F8-840B-236D4C475B02}.Debug|Any CPU.Build.0 = Debug|Any CPU
		{37B45C91-EAAF-49F8-840B-236D4C475B02}.Release|Any CPU.ActiveCfg = Release|Any CPU
		{37B45C91-EAAF-49F8-840B-236D4C475B02}.Release|Any CPU.Build.0 = Release|Any CPU
	EndGlobalSection
	GlobalSection(SolutionProperties) = preSolution
		HideSolutionNode = FALSE
	EndGlobalSection
	GlobalSection(ExtensibilityGlobals) = postSolution
		SolutionGuid = {15F907C8-4C7E-4B61-A35D-1A7AF6C14D9A}
	EndGlobalSection
EndGlobal
