
Microsoft Visual Studio Solution File, Format Version 12.00
# Visual Studio 15
VisualStudioVersion = 15.0.28010.2003
MinimumVisualStudioVersion = 10.0.40219.1
Project("{FAE04EC0-301F-11D3-BF4B-00C04F79EFBC}") = "TaskInOut", "TaskInOut\TaskInOut.csproj", "{8C9DE8CB-1A27-4572-9970-D4B521255C9D}"
EndProject
Global
	GlobalSection(SolutionConfigurationPlatforms) = preSolution
		Debug|Any CPU = Debug|Any CPU
		Release|Any CPU = Release|Any CPU
	EndGlobalSection
	GlobalSection(ProjectConfigurationPlatforms) = postSolution
		{8C9DE8CB-1A27-4572-9970-D4B521255C9D}.Debug|Any CPU.ActiveCfg = Debug|Any CPU
		{8C9DE8CB-1A27-4572-9970-D4B521255C9D}.Debug|Any CPU.Build.0 = Debug|Any CPU
		{8C9DE8CB-1A27-4572-9970-D4B521255C9D}.Release|Any CPU.ActiveCfg = Release|Any CPU
		{8C9DE8CB-1A27-4572-9970-D4B521255C9D}.Release|Any CPU.Build.0 = Release|Any CPU
	EndGlobalSection
	GlobalSection(SolutionProperties) = preSolution
		HideSolutionNode = FALSE
	EndGlobalSection
	GlobalSection(ExtensibilityGlobals) = postSolution
		SolutionGuid = {1FE4B20D-D470-4A78-9C28-4F409431C89B}
	EndGlobalSection
EndGlobal
