
Microsoft Visual Studio Solution File, Format Version 12.00
# Visual Studio 15
VisualStudioVersion = 15.0.28010.2041
MinimumVisualStudioVersion = 10.0.40219.1
Project("{FAE04EC0-301F-11D3-BF4B-00C04F79EFBC}") = "AbaxTest", "AbaxTest\AbaxTest.csproj", "{D6C25FFD-0D98-42EB-A668-4FD02CAAF8FA}"
EndProject
Global
	GlobalSection(SolutionConfigurationPlatforms) = preSolution
		Debug|Any CPU = Debug|Any CPU
		Release|Any CPU = Release|Any CPU
	EndGlobalSection
	GlobalSection(ProjectConfigurationPlatforms) = postSolution
		{D6C25FFD-0D98-42EB-A668-4FD02CAAF8FA}.Debug|Any CPU.ActiveCfg = Debug|Any CPU
		{D6C25FFD-0D98-42EB-A668-4FD02CAAF8FA}.Debug|Any CPU.Build.0 = Debug|Any CPU
		{D6C25FFD-0D98-42EB-A668-4FD02CAAF8FA}.Release|Any CPU.ActiveCfg = Release|Any CPU
		{D6C25FFD-0D98-42EB-A668-4FD02CAAF8FA}.Release|Any CPU.Build.0 = Release|Any CPU
	EndGlobalSection
	GlobalSection(SolutionProperties) = preSolution
		HideSolutionNode = FALSE
	EndGlobalSection
	GlobalSection(ExtensibilityGlobals) = postSolution
		SolutionGuid = {9227902F-8654-4763-92A6-D2155B06B340}
	EndGlobalSection
EndGlobal
