
Microsoft Visual Studio Solution File, Format Version 12.00
# Visual Studio 15
VisualStudioVersion = 15.0.28010.2046
MinimumVisualStudioVersion = 10.0.40219.1
Project("{888888A0-9F3D-457C-B088-3A5042F75D52}") = "Python3Course", "Python3Course\Python3Course.pyproj", "{5CBE7916-6FC7-49AB-A8E2-D7909401B3F6}"
EndProject
Global
	GlobalSection(SolutionConfigurationPlatforms) = preSolution
		Debug|Any CPU = Debug|Any CPU
		Release|Any CPU = Release|Any CPU
	EndGlobalSection
	GlobalSection(ProjectConfigurationPlatforms) = postSolution
		{5CBE7916-6FC7-49AB-A8E2-D7909401B3F6}.Debug|Any CPU.ActiveCfg = Debug|Any CPU
		{5CBE7916-6FC7-49AB-A8E2-D7909401B3F6}.Release|Any CPU.ActiveCfg = Release|Any CPU
	EndGlobalSection
	GlobalSection(SolutionProperties) = preSolution
		HideSolutionNode = FALSE
	EndGlobalSection
	GlobalSection(ExtensibilityGlobals) = postSolution
		SolutionGuid = {822ED88D-809D-4DF9-991D-F95423ED626B}
	EndGlobalSection
EndGlobal
